
Microsoft Visual Studio Solution File, Format Version 12.00
# Visual Studio 15
VisualStudioVersion = 15.0.28307.902
MinimumVisualStudioVersion = 10.0.40219.1
Project("{9A19103F-16F7-4668-BE54-9A1E7A4F7556}") = "TestClient", "TestClient\TestClient.csproj", "{D9D8C50C-6324-445A-BF8C-BC40F9697376}"
EndProject
Project("{FAE04EC0-301F-11D3-BF4B-00C04F79EFBC}") = "JetdriveSharp.Standard", "JetdriveSharp.Standard\JetdriveSharp.Standard.csproj", "{EC75A988-7854-4D31-8175-D7B848579FEE}"
EndProject
Global
	GlobalSection(SolutionConfigurationPlatforms) = preSolution
		Debug|Any CPU = Debug|Any CPU
		Release|Any CPU = Release|Any CPU
	EndGlobalSection
	GlobalSection(ProjectConfigurationPlatforms) = postSolution
		{D9D8C50C-6324-445A-BF8C-BC40F9697376}.Debug|Any CPU.ActiveCfg = Debug|Any CPU
		{D9D8C50C-6324-445A-BF8C-BC40F9697376}.Debug|Any CPU.Build.0 = Debug|Any CPU
		{D9D8C50C-6324-445A-BF8C-BC40F9697376}.Release|Any CPU.ActiveCfg = Release|Any CPU
		{D9D8C50C-6324-445A-BF8C-BC40F9697376}.Release|Any CPU.Build.0 = Release|Any CPU
		{EC75A988-7854-4D31-8175-D7B848579FEE}.Debug|Any CPU.ActiveCfg = Debug|Any CPU
		{EC75A988-7854-4D31-8175-D7B848579FEE}.Debug|Any CPU.Build.0 = Debug|Any CPU
		{EC75A988-7854-4D31-8175-D7B848579FEE}.Release|Any CPU.ActiveCfg = Release|Any CPU
		{EC75A988-7854-4D31-8175-D7B848579FEE}.Release|Any CPU.Build.0 = Release|Any CPU
	EndGlobalSection
	GlobalSection(SolutionProperties) = preSolution
		HideSolutionNode = FALSE
	EndGlobalSection
	GlobalSection(ExtensibilityGlobals) = postSolution
		SolutionGuid = {FB462288-23C2-4447-991A-0CAF20769698}
	EndGlobalSection
EndGlobal
